
Microsoft Visual Studio Solution File, Format Version 12.00
# Visual Studio Version 16
VisualStudioVersion = 16.0.31129.286
MinimumVisualStudioVersion = 10.0.40219.1
Project("{FAE04EC0-301F-11D3-BF4B-00C04F79EFBC}") = "DatabaseFirstDemo", "DatabaseFirstDemo\DatabaseFirstDemo.csproj", "{A71B8D74-EE66-439F-9E27-A021ADB2EA78}"
EndProject
Project("{FAE04EC0-301F-11D3-BF4B-00C04F79EFBC}") = "CodeFirstDemo", "CodeFirstDemo\CodeFirstDemo.csproj", "{7EFA9CCC-5EA9-4F88-9AD0-1E90B82EC4A5}"
EndProject
Global
	GlobalSection(SolutionConfigurationPlatforms) = preSolution
		Debug|Any CPU = Debug|Any CPU
		Release|Any CPU = Release|Any CPU
	EndGlobalSection
	GlobalSection(ProjectConfigurationPlatforms) = postSolution
		{A71B8D74-EE66-439F-9E27-A021ADB2EA78}.Debug|Any CPU.ActiveCfg = Debug|Any CPU
		{A71B8D74-EE66-439F-9E27-A021ADB2EA78}.Debug|Any CPU.Build.0 = Debug|Any CPU
		{A71B8D74-EE66-439F-9E27-A021ADB2EA78}.Release|Any CPU.ActiveCfg = Release|Any CPU
		{A71B8D74-EE66-439F-9E27-A021ADB2EA78}.Release|Any CPU.Build.0 = Release|Any CPU
		{7EFA9CCC-5EA9-4F88-9AD0-1E90B82EC4A5}.Debug|Any CPU.ActiveCfg = Debug|Any CPU
		{7EFA9CCC-5EA9-4F88-9AD0-1E90B82EC4A5}.Debug|Any CPU.Build.0 = Debug|Any CPU
		{7EFA9CCC-5EA9-4F88-9AD0-1E90B82EC4A5}.Release|Any CPU.ActiveCfg = Release|Any CPU
		{7EFA9CCC-5EA9-4F88-9AD0-1E90B82EC4A5}.Release|Any CPU.Build.0 = Release|Any CPU
	EndGlobalSection
	GlobalSection(SolutionProperties) = preSolution
		HideSolutionNode = FALSE
	EndGlobalSection
	GlobalSection(ExtensibilityGlobals) = postSolution
		SolutionGuid = {CF45D3E0-2599-4132-AE3A-26FCBA787CEB}
	EndGlobalSection
EndGlobal
